
Microsoft Visual Studio Solution File, Format Version 12.00
# Visual Studio Version 17
VisualStudioVersion = 17.5.33516.290
MinimumVisualStudioVersion = 10.0.40219.1
Project("{FAE04EC0-301F-11D3-BF4B-00C04F79EFBC}") = "ThemeIssues", "ThemeIssues\ThemeIssues.csproj", "{29DB4EC8-34BC-4DD3-9DF6-BA4C693FE3BC}"
EndProject
Global
	GlobalSection(SolutionConfigurationPlatforms) = preSolution
		Debug|Any CPU = Debug|Any CPU
		Release|Any CPU = Release|Any CPU
	EndGlobalSection
	GlobalSection(ProjectConfigurationPlatforms) = postSolution
		{29DB4EC8-34BC-4DD3-9DF6-BA4C693FE3BC}.Debug|Any CPU.ActiveCfg = Debug|Any CPU
		{29DB4EC8-34BC-4DD3-9DF6-BA4C693FE3BC}.Debug|Any CPU.Build.0 = Debug|Any CPU
		{29DB4EC8-34BC-4DD3-9DF6-BA4C693FE3BC}.Release|Any CPU.ActiveCfg = Release|Any CPU
		{29DB4EC8-34BC-4DD3-9DF6-BA4C693FE3BC}.Release|Any CPU.Build.0 = Release|Any CPU
	EndGlobalSection
	GlobalSection(SolutionProperties) = preSolution
		HideSolutionNode = FALSE
	EndGlobalSection
	GlobalSection(ExtensibilityGlobals) = postSolution
		SolutionGuid = {92C8C33E-EF6E-471F-8FA9-68267B24A1D6}
	EndGlobalSection
EndGlobal
